
Microsoft Visual Studio Solution File, Format Version 12.00
# Visual Studio Version 16
VisualStudioVersion = 16.0.31613.86
MinimumVisualStudioVersion = 10.0.40219.1
Project("{FAE04EC0-301F-11D3-BF4B-00C04F79EFBC}") = "Core", "Core.csproj", "{B5592F8B-B011-4FC0-BF55-27BEAFA557D7}"
EndProject
Project("{FAE04EC0-301F-11D3-BF4B-00C04F79EFBC}") = "JBC.COLETOR", "..\JBC.COLETOR\JBC.COLETOR.csproj", "{511696FB-29EC-4294-91BC-C57FC360AA70}"
EndProject
Project("{FAE04EC0-301F-11D3-BF4B-00C04F79EFBC}") = "JBC.ChessITServices", "..\JBC.ChessITServices\JBC.ChessITServices.csproj", "{8E91E7DE-D4C3-4245-BE80-BF896364E453}"
EndProject
Project("{FAE04EC0-301F-11D3-BF4B-00C04F79EFBC}") = "ChessIT.GeracaoOS", "..\..\ChessIT.GeracaoOS\ChessIT.GeracaoOS\ChessIT.GeracaoOS.csproj", "{460225AE-7B75-49A5-940F-3F0299265CCA}"
EndProject
Global
	GlobalSection(SolutionConfigurationPlatforms) = preSolution
		Debug|Any CPU = Debug|Any CPU
		Debug|x64 = Debug|x64
		Debug|x86 = Debug|x86
		Release|Any CPU = Release|Any CPU
		Release|x64 = Release|x64
		Release|x86 = Release|x86
	EndGlobalSection
	GlobalSection(ProjectConfigurationPlatforms) = postSolution
		{B5592F8B-B011-4FC0-BF55-27BEAFA557D7}.Debug|Any CPU.ActiveCfg = Debug|Any CPU
		{B5592F8B-B011-4FC0-BF55-27BEAFA557D7}.Debug|Any CPU.Build.0 = Debug|Any CPU
		{B5592F8B-B011-4FC0-BF55-27BEAFA557D7}.Debug|x64.ActiveCfg = Debug|x64
		{B5592F8B-B011-4FC0-BF55-27BEAFA557D7}.Debug|x64.Build.0 = Debug|x64
		{B5592F8B-B011-4FC0-BF55-27BEAFA557D7}.Debug|x86.ActiveCfg = Debug|x86
		{B5592F8B-B011-4FC0-BF55-27BEAFA557D7}.Debug|x86.Build.0 = Debug|x86
		{B5592F8B-B011-4FC0-BF55-27BEAFA557D7}.Release|Any CPU.ActiveCfg = Release|Any CPU
		{B5592F8B-B011-4FC0-BF55-27BEAFA557D7}.Release|Any CPU.Build.0 = Release|Any CPU
		{B5592F8B-B011-4FC0-BF55-27BEAFA557D7}.Release|x64.ActiveCfg = Release|x64
		{B5592F8B-B011-4FC0-BF55-27BEAFA557D7}.Release|x64.Build.0 = Release|x64
		{B5592F8B-B011-4FC0-BF55-27BEAFA557D7}.Release|x86.ActiveCfg = Release|x86
		{B5592F8B-B011-4FC0-BF55-27BEAFA557D7}.Release|x86.Build.0 = Release|x86
		{511696FB-29EC-4294-91BC-C57FC360AA70}.Debug|Any CPU.ActiveCfg = Debug|Any CPU
		{511696FB-29EC-4294-91BC-C57FC360AA70}.Debug|Any CPU.Build.0 = Debug|Any CPU
		{511696FB-29EC-4294-91BC-C57FC360AA70}.Debug|x64.ActiveCfg = Debug|x64
		{511696FB-29EC-4294-91BC-C57FC360AA70}.Debug|x64.Build.0 = Debug|x64
		{511696FB-29EC-4294-91BC-C57FC360AA70}.Debug|x86.ActiveCfg = Debug|Any CPU
		{511696FB-29EC-4294-91BC-C57FC360AA70}.Debug|x86.Build.0 = Debug|Any CPU
		{511696FB-29EC-4294-91BC-C57FC360AA70}.Release|Any CPU.ActiveCfg = Release|Any CPU
		{511696FB-29EC-4294-91BC-C57FC360AA70}.Release|Any CPU.Build.0 = Release|Any CPU
		{511696FB-29EC-4294-91BC-C57FC360AA70}.Release|x64.ActiveCfg = Release|Any CPU
		{511696FB-29EC-4294-91BC-C57FC360AA70}.Release|x64.Build.0 = Release|Any CPU
		{511696FB-29EC-4294-91BC-C57FC360AA70}.Release|x86.ActiveCfg = Release|Any CPU
		{511696FB-29EC-4294-91BC-C57FC360AA70}.Release|x86.Build.0 = Release|Any CPU
		{8E91E7DE-D4C3-4245-BE80-BF896364E453}.Debug|Any CPU.ActiveCfg = Debug|Any CPU
		{8E91E7DE-D4C3-4245-BE80-BF896364E453}.Debug|Any CPU.Build.0 = Debug|Any CPU
		{8E91E7DE-D4C3-4245-BE80-BF896364E453}.Debug|x64.ActiveCfg = Debug|Any CPU
		{8E91E7DE-D4C3-4245-BE80-BF896364E453}.Debug|x64.Build.0 = Debug|Any CPU
		{8E91E7DE-D4C3-4245-BE80-BF896364E453}.Debug|x86.ActiveCfg = Debug|Any CPU
		{8E91E7DE-D4C3-4245-BE80-BF896364E453}.Debug|x86.Build.0 = Debug|Any CPU
		{8E91E7DE-D4C3-4245-BE80-BF896364E453}.Release|Any CPU.ActiveCfg = Release|Any CPU
		{8E91E7DE-D4C3-4245-BE80-BF896364E453}.Release|Any CPU.Build.0 = Release|Any CPU
		{8E91E7DE-D4C3-4245-BE80-BF896364E453}.Release|x64.ActiveCfg = Release|Any CPU
		{8E91E7DE-D4C3-4245-BE80-BF896364E453}.Release|x64.Build.0 = Release|Any CPU
		{8E91E7DE-D4C3-4245-BE80-BF896364E453}.Release|x86.ActiveCfg = Release|Any CPU
		{8E91E7DE-D4C3-4245-BE80-BF896364E453}.Release|x86.Build.0 = Release|Any CPU
		{460225AE-7B75-49A5-940F-3F0299265CCA}.Debug|Any CPU.ActiveCfg = Debug|Any CPU
		{460225AE-7B75-49A5-940F-3F0299265CCA}.Debug|Any CPU.Build.0 = Debug|Any CPU
		{460225AE-7B75-49A5-940F-3F0299265CCA}.Debug|x64.ActiveCfg = Debug|x64
		{460225AE-7B75-49A5-940F-3F0299265CCA}.Debug|x64.Build.0 = Debug|x64
		{460225AE-7B75-49A5-940F-3F0299265CCA}.Debug|x86.ActiveCfg = Debug|Any CPU
		{460225AE-7B75-49A5-940F-3F0299265CCA}.Debug|x86.Build.0 = Debug|Any CPU
		{460225AE-7B75-49A5-940F-3F0299265CCA}.Release|Any CPU.ActiveCfg = Release|Any CPU
		{460225AE-7B75-49A5-940F-3F0299265CCA}.Release|Any CPU.Build.0 = Release|Any CPU
		{460225AE-7B75-49A5-940F-3F0299265CCA}.Release|x64.ActiveCfg = Release|x64
		{460225AE-7B75-49A5-940F-3F0299265CCA}.Release|x64.Build.0 = Release|x64
		{460225AE-7B75-49A5-940F-3F0299265CCA}.Release|x86.ActiveCfg = Release|Any CPU
		{460225AE-7B75-49A5-940F-3F0299265CCA}.Release|x86.Build.0 = Release|Any CPU
	EndGlobalSection
	GlobalSection(SolutionProperties) = preSolution
		HideSolutionNode = FALSE
	EndGlobalSection
	GlobalSection(ExtensibilityGlobals) = postSolution
		SolutionGuid = {9B0BAF9F-86CB-4088-BDDA-97EBBFA24D98}
	EndGlobalSection
EndGlobal
